
Microsoft Visual Studio Solution File, Format Version 12.00
# Visual Studio Version 17
VisualStudioVersion = 17.5.33530.505
MinimumVisualStudioVersion = 10.0.40219.1
Project("{C9674DCB-5085-4A16-B785-4C70DD1589BD}") = "IntegrationServices", "IntegrationServices\IntegrationServices.dtproj", "{8C51541C-E4FD-4AB1-8369-1C2E7CC617DF}"
EndProject
Global
	GlobalSection(SolutionConfigurationPlatforms) = preSolution
		Development|Default = Development|Default
	EndGlobalSection
	GlobalSection(ProjectConfigurationPlatforms) = postSolution
		{8C51541C-E4FD-4AB1-8369-1C2E7CC617DF}.Development|Default.ActiveCfg = Development
		{8C51541C-E4FD-4AB1-8369-1C2E7CC617DF}.Development|Default.Build.0 = Development
	EndGlobalSection
	GlobalSection(SolutionProperties) = preSolution
		HideSolutionNode = FALSE
	EndGlobalSection
	GlobalSection(ExtensibilityGlobals) = postSolution
		SolutionGuid = {685D51F5-130A-4957-BED4-73E4DA385F7F}
	EndGlobalSection
EndGlobal
